
Microsoft Visual Studio Solution File, Format Version 12.00
# Visual Studio Version 17
VisualStudioVersion = 17.12.35527.113 d17.12
MinimumVisualStudioVersion = 10.0.40219.1
Project("{2150E333-8FDC-42A3-9474-1A3956D46DE8}") = "proto", "proto", "{FCCD86F0-60B6-4427-B1EC-DF909EB2BE2E}"
	ProjectSection(SolutionItems) = preProject
		dummy.proto = dummy.proto
	EndProjectSection
EndProject
Project("{FAE04EC0-301F-11D3-BF4B-00C04F79EFBC}") = "Client", "Client\Client.csproj", "{ED067050-C6FE-4442-8814-DE1EF5CF65C6}"
EndProject
Project("{FAE04EC0-301F-11D3-BF4B-00C04F79EFBC}") = "Server", "Server\Server.csproj", "{1125F72A-E123-477D-B1D3-6244CFFEC407}"
EndProject
Global
	GlobalSection(SolutionConfigurationPlatforms) = preSolution
		Debug|Any CPU = Debug|Any CPU
		Release|Any CPU = Release|Any CPU
	EndGlobalSection
	GlobalSection(ProjectConfigurationPlatforms) = postSolution
		{ED067050-C6FE-4442-8814-DE1EF5CF65C6}.Debug|Any CPU.ActiveCfg = Debug|Any CPU
		{ED067050-C6FE-4442-8814-DE1EF5CF65C6}.Debug|Any CPU.Build.0 = Debug|Any CPU
		{ED067050-C6FE-4442-8814-DE1EF5CF65C6}.Release|Any CPU.ActiveCfg = Release|Any CPU
		{ED067050-C6FE-4442-8814-DE1EF5CF65C6}.Release|Any CPU.Build.0 = Release|Any CPU
		{1125F72A-E123-477D-B1D3-6244CFFEC407}.Debug|Any CPU.ActiveCfg = Debug|Any CPU
		{1125F72A-E123-477D-B1D3-6244CFFEC407}.Debug|Any CPU.Build.0 = Debug|Any CPU
		{1125F72A-E123-477D-B1D3-6244CFFEC407}.Release|Any CPU.ActiveCfg = Release|Any CPU
		{1125F72A-E123-477D-B1D3-6244CFFEC407}.Release|Any CPU.Build.0 = Release|Any CPU
	EndGlobalSection
	GlobalSection(SolutionProperties) = preSolution
		HideSolutionNode = FALSE
	EndGlobalSection
EndGlobal
